
Microsoft Visual Studio Solution File, Format Version 12.00
# Visual Studio Version 17
VisualStudioVersion = 17.0.31903.59
MinimumVisualStudioVersion = 10.0.40219.1
Project("{2150E333-8FDC-42A3-9474-1A3956D46DE8}") = "src", "src", "{15784874-938B-4900-A0A5-064044C755CB}"
EndProject
Project("{2150E333-8FDC-42A3-9474-1A3956D46DE8}") = "Core", "Core", "{16B2FB8E-77DA-4FE3-A335-710D51F8DB4F}"
EndProject
Project("{FAE04EC0-301F-11D3-BF4B-00C04F79EFBC}") = "Application", "src\Core\Application\Application.csproj", "{19895C8D-7BEF-4B5F-B78D-1A306780C7B5}"
EndProject
Project("{FAE04EC0-301F-11D3-BF4B-00C04F79EFBC}") = "Domain", "src\Core\Domain\Domain.csproj", "{24DE7F63-74A6-4938-8B65-8FC550509B4A}"
EndProject
Project("{2150E333-8FDC-42A3-9474-1A3956D46DE8}") = "Infrastructure", "Infrastructure", "{A933B211-AEE0-469E-9631-8EBF1838C6C0}"
EndProject
Project("{FAE04EC0-301F-11D3-BF4B-00C04F79EFBC}") = "External", "src\Infrastructure\External\External.csproj", "{B3CFB6B2-7721-4B15-82F4-A9C18DB45C48}"
EndProject
Project("{FAE04EC0-301F-11D3-BF4B-00C04F79EFBC}") = "Migrator", "src\Infrastructure\Migrator\Migrator.csproj", "{E2133694-56DD-4A72-BF44-BA1F84650B14}"
EndProject
Project("{FAE04EC0-301F-11D3-BF4B-00C04F79EFBC}") = "Persistence", "src\Infrastructure\Persistence\Persistence.csproj", "{D5841848-0765-4728-8468-C32F90EFEEDF}"
EndProject
Project("{2150E333-8FDC-42A3-9474-1A3956D46DE8}") = "Presentation", "Presentation", "{15F09E6B-C41D-4C05-8B9F-D22A27E8042E}"
EndProject
Project("{FAE04EC0-301F-11D3-BF4B-00C04F79EFBC}") = "AdminPanel", "src\Presentation\AdminPanel\AdminPanel.csproj", "{52BC679B-3278-4E31-8F54-0D1613433543}"
EndProject
Project("{FAE04EC0-301F-11D3-BF4B-00C04F79EFBC}") = "PublicServer", "src\Presentation\PublicServer\PublicServer.csproj", "{F3D51F46-3D87-4205-8D97-6607B08C9147}"
EndProject
Project("{FAE04EC0-301F-11D3-BF4B-00C04F79EFBC}") = "WebApp", "src\Presentation\WebApp\WebApp.csproj", "{460248F4-0F76-4ED8-A9EE-957B06953BA4}"
EndProject
Project("{FAE04EC0-301F-11D3-BF4B-00C04F79EFBC}") = "SharedKernel", "src\Sharedkernel\SharedKernel.csproj", "{FBC3F73A-C9CF-4CF3-B3BE-D8A7E6265908}"
EndProject
Project("{2150E333-8FDC-42A3-9474-1A3956D46DE8}") = "tests", "tests", "{1CEBC39D-05A9-49BA-A723-17141A8271EA}"
EndProject
Project("{FAE04EC0-301F-11D3-BF4B-00C04F79EFBC}") = "UnitTests", "tests\UnitTests\UnitTests.csproj", "{7F991F33-C1B7-4754-986A-CE4A976AF134}"
EndProject
Project("{FAE04EC0-301F-11D3-BF4B-00C04F79EFBC}") = "SharedTestHelper", "tests\SharedTestHelper\SharedTestHelper.csproj", "{519C6FE1-B93D-48B3-AA35-8AB1D6226BB6}"
EndProject
Global
	GlobalSection(SolutionConfigurationPlatforms) = preSolution
		Debug|Any CPU = Debug|Any CPU
		Release|Any CPU = Release|Any CPU
	EndGlobalSection
	GlobalSection(ProjectConfigurationPlatforms) = postSolution
		{19895C8D-7BEF-4B5F-B78D-1A306780C7B5}.Debug|Any CPU.ActiveCfg = Debug|Any CPU
		{19895C8D-7BEF-4B5F-B78D-1A306780C7B5}.Debug|Any CPU.Build.0 = Debug|Any CPU
		{19895C8D-7BEF-4B5F-B78D-1A306780C7B5}.Release|Any CPU.ActiveCfg = Release|Any CPU
		{19895C8D-7BEF-4B5F-B78D-1A306780C7B5}.Release|Any CPU.Build.0 = Release|Any CPU
		{24DE7F63-74A6-4938-8B65-8FC550509B4A}.Debug|Any CPU.ActiveCfg = Debug|Any CPU
		{24DE7F63-74A6-4938-8B65-8FC550509B4A}.Debug|Any CPU.Build.0 = Debug|Any CPU
		{24DE7F63-74A6-4938-8B65-8FC550509B4A}.Release|Any CPU.ActiveCfg = Release|Any CPU
		{24DE7F63-74A6-4938-8B65-8FC550509B4A}.Release|Any CPU.Build.0 = Release|Any CPU
		{B3CFB6B2-7721-4B15-82F4-A9C18DB45C48}.Debug|Any CPU.ActiveCfg = Debug|Any CPU
		{B3CFB6B2-7721-4B15-82F4-A9C18DB45C48}.Debug|Any CPU.Build.0 = Debug|Any CPU
		{B3CFB6B2-7721-4B15-82F4-A9C18DB45C48}.Release|Any CPU.ActiveCfg = Release|Any CPU
		{B3CFB6B2-7721-4B15-82F4-A9C18DB45C48}.Release|Any CPU.Build.0 = Release|Any CPU
		{E2133694-56DD-4A72-BF44-BA1F84650B14}.Debug|Any CPU.ActiveCfg = Debug|Any CPU
		{E2133694-56DD-4A72-BF44-BA1F84650B14}.Debug|Any CPU.Build.0 = Debug|Any CPU
		{E2133694-56DD-4A72-BF44-BA1F84650B14}.Release|Any CPU.ActiveCfg = Release|Any CPU
		{E2133694-56DD-4A72-BF44-BA1F84650B14}.Release|Any CPU.Build.0 = Release|Any CPU
		{D5841848-0765-4728-8468-C32F90EFEEDF}.Debug|Any CPU.ActiveCfg = Debug|Any CPU
		{D5841848-0765-4728-8468-C32F90EFEEDF}.Debug|Any CPU.Build.0 = Debug|Any CPU
		{D5841848-0765-4728-8468-C32F90EFEEDF}.Release|Any CPU.ActiveCfg = Release|Any CPU
		{D5841848-0765-4728-8468-C32F90EFEEDF}.Release|Any CPU.Build.0 = Release|Any CPU
		{52BC679B-3278-4E31-8F54-0D1613433543}.Debug|Any CPU.ActiveCfg = Debug|Any CPU
		{52BC679B-3278-4E31-8F54-0D1613433543}.Debug|Any CPU.Build.0 = Debug|Any CPU
		{52BC679B-3278-4E31-8F54-0D1613433543}.Release|Any CPU.ActiveCfg = Release|Any CPU
		{52BC679B-3278-4E31-8F54-0D1613433543}.Release|Any CPU.Build.0 = Release|Any CPU
		{F3D51F46-3D87-4205-8D97-6607B08C9147}.Debug|Any CPU.ActiveCfg = Debug|Any CPU
		{F3D51F46-3D87-4205-8D97-6607B08C9147}.Debug|Any CPU.Build.0 = Debug|Any CPU
		{F3D51F46-3D87-4205-8D97-6607B08C9147}.Release|Any CPU.ActiveCfg = Release|Any CPU
		{F3D51F46-3D87-4205-8D97-6607B08C9147}.Release|Any CPU.Build.0 = Release|Any CPU
		{460248F4-0F76-4ED8-A9EE-957B06953BA4}.Debug|Any CPU.ActiveCfg = Debug|Any CPU
		{460248F4-0F76-4ED8-A9EE-957B06953BA4}.Debug|Any CPU.Build.0 = Debug|Any CPU
		{460248F4-0F76-4ED8-A9EE-957B06953BA4}.Release|Any CPU.ActiveCfg = Release|Any CPU
		{460248F4-0F76-4ED8-A9EE-957B06953BA4}.Release|Any CPU.Build.0 = Release|Any CPU
		{FBC3F73A-C9CF-4CF3-B3BE-D8A7E6265908}.Debug|Any CPU.ActiveCfg = Debug|Any CPU
		{FBC3F73A-C9CF-4CF3-B3BE-D8A7E6265908}.Debug|Any CPU.Build.0 = Debug|Any CPU
		{FBC3F73A-C9CF-4CF3-B3BE-D8A7E6265908}.Release|Any CPU.ActiveCfg = Release|Any CPU
		{FBC3F73A-C9CF-4CF3-B3BE-D8A7E6265908}.Release|Any CPU.Build.0 = Release|Any CPU
		{7F991F33-C1B7-4754-986A-CE4A976AF134}.Debug|Any CPU.ActiveCfg = Debug|Any CPU
		{7F991F33-C1B7-4754-986A-CE4A976AF134}.Debug|Any CPU.Build.0 = Debug|Any CPU
		{7F991F33-C1B7-4754-986A-CE4A976AF134}.Release|Any CPU.ActiveCfg = Release|Any CPU
		{7F991F33-C1B7-4754-986A-CE4A976AF134}.Release|Any CPU.Build.0 = Release|Any CPU
		{519C6FE1-B93D-48B3-AA35-8AB1D6226BB6}.Debug|Any CPU.ActiveCfg = Debug|Any CPU
		{519C6FE1-B93D-48B3-AA35-8AB1D6226BB6}.Debug|Any CPU.Build.0 = Debug|Any CPU
		{519C6FE1-B93D-48B3-AA35-8AB1D6226BB6}.Release|Any CPU.ActiveCfg = Release|Any CPU
		{519C6FE1-B93D-48B3-AA35-8AB1D6226BB6}.Release|Any CPU.Build.0 = Release|Any CPU
	EndGlobalSection
	GlobalSection(SolutionProperties) = preSolution
		HideSolutionNode = FALSE
	EndGlobalSection
	GlobalSection(NestedProjects) = preSolution
		{16B2FB8E-77DA-4FE3-A335-710D51F8DB4F} = {15784874-938B-4900-A0A5-064044C755CB}
		{19895C8D-7BEF-4B5F-B78D-1A306780C7B5} = {16B2FB8E-77DA-4FE3-A335-710D51F8DB4F}
		{24DE7F63-74A6-4938-8B65-8FC550509B4A} = {16B2FB8E-77DA-4FE3-A335-710D51F8DB4F}
		{A933B211-AEE0-469E-9631-8EBF1838C6C0} = {15784874-938B-4900-A0A5-064044C755CB}
		{B3CFB6B2-7721-4B15-82F4-A9C18DB45C48} = {A933B211-AEE0-469E-9631-8EBF1838C6C0}
		{E2133694-56DD-4A72-BF44-BA1F84650B14} = {A933B211-AEE0-469E-9631-8EBF1838C6C0}
		{D5841848-0765-4728-8468-C32F90EFEEDF} = {A933B211-AEE0-469E-9631-8EBF1838C6C0}
		{15F09E6B-C41D-4C05-8B9F-D22A27E8042E} = {15784874-938B-4900-A0A5-064044C755CB}
		{52BC679B-3278-4E31-8F54-0D1613433543} = {15F09E6B-C41D-4C05-8B9F-D22A27E8042E}
		{F3D51F46-3D87-4205-8D97-6607B08C9147} = {15F09E6B-C41D-4C05-8B9F-D22A27E8042E}
		{460248F4-0F76-4ED8-A9EE-957B06953BA4} = {15F09E6B-C41D-4C05-8B9F-D22A27E8042E}
		{FBC3F73A-C9CF-4CF3-B3BE-D8A7E6265908} = {15784874-938B-4900-A0A5-064044C755CB}
		{7F991F33-C1B7-4754-986A-CE4A976AF134} = {1CEBC39D-05A9-49BA-A723-17141A8271EA}
		{519C6FE1-B93D-48B3-AA35-8AB1D6226BB6} = {1CEBC39D-05A9-49BA-A723-17141A8271EA}
	EndGlobalSection
EndGlobal
