
Microsoft Visual Studio Solution File, Format Version 12.00
# Visual Studio Version 17
VisualStudioVersion = 17.0.31903.59
MinimumVisualStudioVersion = 10.0.40219.1
Project("{2150E333-8FDC-42A3-9474-1A3956D46DE8}") = "src", "src", "{BF49C599-A335-423E-8F33-13680A7FC1FD}"
EndProject
Project("{2150E333-8FDC-42A3-9474-1A3956D46DE8}") = "Core", "Core", "{0ED7CA8B-332E-43B0-9A79-5864F475F9F7}"
EndProject
Project("{FAE04EC0-301F-11D3-BF4B-00C04F79EFBC}") = "Application", "src\Core\Application\Application.csproj", "{1A9A6E56-EAC5-432D-B31B-F32B592154D4}"
EndProject
Project("{FAE04EC0-301F-11D3-BF4B-00C04F79EFBC}") = "Domain", "src\Core\Domain\Domain.csproj", "{1762275B-7601-4237-9B0A-326500BE4DF3}"
EndProject
Project("{2150E333-8FDC-42A3-9474-1A3956D46DE8}") = "Infrastructure", "Infrastructure", "{3D454296-6147-4E90-9413-A1C1CC98A4B3}"
EndProject
Project("{FAE04EC0-301F-11D3-BF4B-00C04F79EFBC}") = "External", "src\Infrastructure\External\External.csproj", "{8DE26679-B410-4FE6-AC75-3FD37D2E5F26}"
EndProject
Project("{FAE04EC0-301F-11D3-BF4B-00C04F79EFBC}") = "Migrator", "src\Infrastructure\Migrator\Migrator.csproj", "{CF3B717D-D38D-4293-8A39-36A16D6589C4}"
EndProject
Project("{FAE04EC0-301F-11D3-BF4B-00C04F79EFBC}") = "Persistence", "src\Infrastructure\Persistence\Persistence.csproj", "{BCDEA06E-0B66-49FB-AA15-626CD637512C}"
EndProject
Project("{2150E333-8FDC-42A3-9474-1A3956D46DE8}") = "Presentation", "Presentation", "{D6ADB64A-7FC9-4DBA-B9DB-54A594891597}"
EndProject
Project("{FAE04EC0-301F-11D3-BF4B-00C04F79EFBC}") = "AdminPanel", "src\Presentation\AdminPanel\AdminPanel.csproj", "{ED555CCE-67C7-46CD-81C7-DBA98B92B7CA}"
EndProject
Project("{FAE04EC0-301F-11D3-BF4B-00C04F79EFBC}") = "PublicServer", "src\Presentation\PublicServer\PublicServer.csproj", "{DC7C9727-7DA1-4B13-8BAF-A107E7BDCC46}"
EndProject
Project("{FAE04EC0-301F-11D3-BF4B-00C04F79EFBC}") = "WebApp", "src\Presentation\WebApp\WebApp.csproj", "{22EABE18-6FD3-4531-928D-6567FA715022}"
EndProject
Project("{FAE04EC0-301F-11D3-BF4B-00C04F79EFBC}") = "SharedKernel", "src\SharedKernel\SharedKernel.csproj", "{1FADAC44-8E83-41E3-BF59-10AA4556DD1D}"
EndProject
Project("{2150E333-8FDC-42A3-9474-1A3956D46DE8}") = "tests", "tests", "{5F3E9220-BB7D-40A8-86BC-A859070280EA}"
EndProject
Project("{FAE04EC0-301F-11D3-BF4B-00C04F79EFBC}") = "SharedTestHelper", "tests\SharedTestHelper\SharedTestHelper.csproj", "{8F44F004-69EB-4896-BB44-2F1479079B4A}"
EndProject
Project("{FAE04EC0-301F-11D3-BF4B-00C04F79EFBC}") = "UnitTests", "tests\UnitTests\UnitTests.csproj", "{31568C7A-1E0E-48EF-8857-90B51D0AC07A}"
EndProject
Global
	GlobalSection(SolutionConfigurationPlatforms) = preSolution
		Debug|Any CPU = Debug|Any CPU
		Release|Any CPU = Release|Any CPU
	EndGlobalSection
	GlobalSection(ProjectConfigurationPlatforms) = postSolution
		{1A9A6E56-EAC5-432D-B31B-F32B592154D4}.Debug|Any CPU.ActiveCfg = Debug|Any CPU
		{1A9A6E56-EAC5-432D-B31B-F32B592154D4}.Debug|Any CPU.Build.0 = Debug|Any CPU
		{1A9A6E56-EAC5-432D-B31B-F32B592154D4}.Release|Any CPU.ActiveCfg = Release|Any CPU
		{1A9A6E56-EAC5-432D-B31B-F32B592154D4}.Release|Any CPU.Build.0 = Release|Any CPU
		{1762275B-7601-4237-9B0A-326500BE4DF3}.Debug|Any CPU.ActiveCfg = Debug|Any CPU
		{1762275B-7601-4237-9B0A-326500BE4DF3}.Debug|Any CPU.Build.0 = Debug|Any CPU
		{1762275B-7601-4237-9B0A-326500BE4DF3}.Release|Any CPU.ActiveCfg = Release|Any CPU
		{1762275B-7601-4237-9B0A-326500BE4DF3}.Release|Any CPU.Build.0 = Release|Any CPU
		{8DE26679-B410-4FE6-AC75-3FD37D2E5F26}.Debug|Any CPU.ActiveCfg = Debug|Any CPU
		{8DE26679-B410-4FE6-AC75-3FD37D2E5F26}.Debug|Any CPU.Build.0 = Debug|Any CPU
		{8DE26679-B410-4FE6-AC75-3FD37D2E5F26}.Release|Any CPU.ActiveCfg = Release|Any CPU
		{8DE26679-B410-4FE6-AC75-3FD37D2E5F26}.Release|Any CPU.Build.0 = Release|Any CPU
		{CF3B717D-D38D-4293-8A39-36A16D6589C4}.Debug|Any CPU.ActiveCfg = Debug|Any CPU
		{CF3B717D-D38D-4293-8A39-36A16D6589C4}.Debug|Any CPU.Build.0 = Debug|Any CPU
		{CF3B717D-D38D-4293-8A39-36A16D6589C4}.Release|Any CPU.ActiveCfg = Release|Any CPU
		{CF3B717D-D38D-4293-8A39-36A16D6589C4}.Release|Any CPU.Build.0 = Release|Any CPU
		{BCDEA06E-0B66-49FB-AA15-626CD637512C}.Debug|Any CPU.ActiveCfg = Debug|Any CPU
		{BCDEA06E-0B66-49FB-AA15-626CD637512C}.Debug|Any CPU.Build.0 = Debug|Any CPU
		{BCDEA06E-0B66-49FB-AA15-626CD637512C}.Release|Any CPU.ActiveCfg = Release|Any CPU
		{BCDEA06E-0B66-49FB-AA15-626CD637512C}.Release|Any CPU.Build.0 = Release|Any CPU
		{ED555CCE-67C7-46CD-81C7-DBA98B92B7CA}.Debug|Any CPU.ActiveCfg = Debug|Any CPU
		{ED555CCE-67C7-46CD-81C7-DBA98B92B7CA}.Debug|Any CPU.Build.0 = Debug|Any CPU
		{ED555CCE-67C7-46CD-81C7-DBA98B92B7CA}.Release|Any CPU.ActiveCfg = Release|Any CPU
		{ED555CCE-67C7-46CD-81C7-DBA98B92B7CA}.Release|Any CPU.Build.0 = Release|Any CPU
		{DC7C9727-7DA1-4B13-8BAF-A107E7BDCC46}.Debug|Any CPU.ActiveCfg = Debug|Any CPU
		{DC7C9727-7DA1-4B13-8BAF-A107E7BDCC46}.Debug|Any CPU.Build.0 = Debug|Any CPU
		{DC7C9727-7DA1-4B13-8BAF-A107E7BDCC46}.Release|Any CPU.ActiveCfg = Release|Any CPU
		{DC7C9727-7DA1-4B13-8BAF-A107E7BDCC46}.Release|Any CPU.Build.0 = Release|Any CPU
		{22EABE18-6FD3-4531-928D-6567FA715022}.Debug|Any CPU.ActiveCfg = Debug|Any CPU
		{22EABE18-6FD3-4531-928D-6567FA715022}.Debug|Any CPU.Build.0 = Debug|Any CPU
		{22EABE18-6FD3-4531-928D-6567FA715022}.Release|Any CPU.ActiveCfg = Release|Any CPU
		{22EABE18-6FD3-4531-928D-6567FA715022}.Release|Any CPU.Build.0 = Release|Any CPU
		{1FADAC44-8E83-41E3-BF59-10AA4556DD1D}.Debug|Any CPU.ActiveCfg = Debug|Any CPU
		{1FADAC44-8E83-41E3-BF59-10AA4556DD1D}.Debug|Any CPU.Build.0 = Debug|Any CPU
		{1FADAC44-8E83-41E3-BF59-10AA4556DD1D}.Release|Any CPU.ActiveCfg = Release|Any CPU
		{1FADAC44-8E83-41E3-BF59-10AA4556DD1D}.Release|Any CPU.Build.0 = Release|Any CPU
		{8F44F004-69EB-4896-BB44-2F1479079B4A}.Debug|Any CPU.ActiveCfg = Debug|Any CPU
		{8F44F004-69EB-4896-BB44-2F1479079B4A}.Debug|Any CPU.Build.0 = Debug|Any CPU
		{8F44F004-69EB-4896-BB44-2F1479079B4A}.Release|Any CPU.ActiveCfg = Release|Any CPU
		{8F44F004-69EB-4896-BB44-2F1479079B4A}.Release|Any CPU.Build.0 = Release|Any CPU
		{31568C7A-1E0E-48EF-8857-90B51D0AC07A}.Debug|Any CPU.ActiveCfg = Debug|Any CPU
		{31568C7A-1E0E-48EF-8857-90B51D0AC07A}.Debug|Any CPU.Build.0 = Debug|Any CPU
		{31568C7A-1E0E-48EF-8857-90B51D0AC07A}.Release|Any CPU.ActiveCfg = Release|Any CPU
		{31568C7A-1E0E-48EF-8857-90B51D0AC07A}.Release|Any CPU.Build.0 = Release|Any CPU
	EndGlobalSection
	GlobalSection(SolutionProperties) = preSolution
		HideSolutionNode = FALSE
	EndGlobalSection
	GlobalSection(NestedProjects) = preSolution
		{0ED7CA8B-332E-43B0-9A79-5864F475F9F7} = {BF49C599-A335-423E-8F33-13680A7FC1FD}
		{1A9A6E56-EAC5-432D-B31B-F32B592154D4} = {0ED7CA8B-332E-43B0-9A79-5864F475F9F7}
		{1762275B-7601-4237-9B0A-326500BE4DF3} = {0ED7CA8B-332E-43B0-9A79-5864F475F9F7}
		{3D454296-6147-4E90-9413-A1C1CC98A4B3} = {BF49C599-A335-423E-8F33-13680A7FC1FD}
		{8DE26679-B410-4FE6-AC75-3FD37D2E5F26} = {3D454296-6147-4E90-9413-A1C1CC98A4B3}
		{CF3B717D-D38D-4293-8A39-36A16D6589C4} = {3D454296-6147-4E90-9413-A1C1CC98A4B3}
		{BCDEA06E-0B66-49FB-AA15-626CD637512C} = {3D454296-6147-4E90-9413-A1C1CC98A4B3}
		{D6ADB64A-7FC9-4DBA-B9DB-54A594891597} = {BF49C599-A335-423E-8F33-13680A7FC1FD}
		{ED555CCE-67C7-46CD-81C7-DBA98B92B7CA} = {D6ADB64A-7FC9-4DBA-B9DB-54A594891597}
		{DC7C9727-7DA1-4B13-8BAF-A107E7BDCC46} = {D6ADB64A-7FC9-4DBA-B9DB-54A594891597}
		{22EABE18-6FD3-4531-928D-6567FA715022} = {D6ADB64A-7FC9-4DBA-B9DB-54A594891597}
		{1FADAC44-8E83-41E3-BF59-10AA4556DD1D} = {BF49C599-A335-423E-8F33-13680A7FC1FD}
		{8F44F004-69EB-4896-BB44-2F1479079B4A} = {5F3E9220-BB7D-40A8-86BC-A859070280EA}
		{31568C7A-1E0E-48EF-8857-90B51D0AC07A} = {5F3E9220-BB7D-40A8-86BC-A859070280EA}
	EndGlobalSection
EndGlobal
