
Microsoft Visual Studio Solution File, Format Version 12.00
# Visual Studio Version 17
VisualStudioVersion = 17.0.31903.59
MinimumVisualStudioVersion = 10.0.40219.1
Project("{2150E333-8FDC-42A3-9474-1A3956D46DE8}") = "src", "src", "{95D50506-CE73-4F91-8D98-D628817338A2}"
EndProject
Project("{2150E333-8FDC-42A3-9474-1A3956D46DE8}") = "tests", "tests", "{01E1BF20-2577-4A3B-A37B-E34FF60AF6BC}"
EndProject
Project("{2150E333-8FDC-42A3-9474-1A3956D46DE8}") = "Core", "Core", "{A62B090C-EC02-4F27-98B5-968600076B8F}"
EndProject
Project("{FAE04EC0-301F-11D3-BF4B-00C04F79EFBC}") = "Domain", "src\core\Domain\Domain.csproj", "{6AAF79E0-F6B0-43C8-BE2A-B07E8A827AE4}"
EndProject
Project("{FAE04EC0-301F-11D3-BF4B-00C04F79EFBC}") = "Application", "src\core\Application\Application.csproj", "{FF2DA287-DE7B-420C-A799-62520FC6906D}"
EndProject
Project("{FAE04EC0-301F-11D3-BF4B-00C04F79EFBC}") = "UnitTests", "tests\UnitTests\UnitTests.csproj", "{E9D7C50F-5DE5-4A5F-A07A-9CDA5C96DED5}"
EndProject
Project("{2150E333-8FDC-42A3-9474-1A3956D46DE8}") = "Infrastructure", "Infrastructure", "{570C0579-7F4F-40FD-A972-7598196EE95A}"
EndProject
Project("{FAE04EC0-301F-11D3-BF4B-00C04F79EFBC}") = "Persistence", "src\infrastructure\Persistence\Persistence.csproj", "{3EBF5704-412F-485E-9E55-ACD2307F208F}"
EndProject
Project("{2150E333-8FDC-42A3-9474-1A3956D46DE8}") = "Presentation", "Presentation", "{7B25965A-79F6-4461-A8FC-A1B75802A7EB}"
EndProject
Project("{FAE04EC0-301F-11D3-BF4B-00C04F79EFBC}") = "External", "src\infrastructure\External\External.csproj", "{0C392161-D674-4FA0-B370-EBA806806496}"
EndProject
Project("{FAE04EC0-301F-11D3-BF4B-00C04F79EFBC}") = "PublicServer", "src\presentation\PublicServer\PublicServer.csproj", "{23BA3DD7-BAA6-4F48-A1FE-68DBC38AE49A}"
EndProject
Project("{FAE04EC0-301F-11D3-BF4B-00C04F79EFBC}") = "SharedTestHelpers", "tests\SharedTestHelpers\SharedTestHelpers.csproj", "{0A18F0C0-6B66-4B8B-96D1-19CD28E9A6FA}"
EndProject
Project("{FAE04EC0-301F-11D3-BF4B-00C04F79EFBC}") = "AdminPanel", "src\presentation\AdminPanel\AdminPanel.csproj", "{DAB5B338-0EE7-46B1-8649-2E19FEC6EC19}"
EndProject
Project("{FAE04EC0-301F-11D3-BF4B-00C04F79EFBC}") = "WebApp", "src\presentation\WebApp\WebApp.csproj", "{F0211267-B233-4EFF-9B76-DBAD6F9CBEFE}"
EndProject
Project("{FAE04EC0-301F-11D3-BF4B-00C04F79EFBC}") = "Migrator", "src\infrastructure\Migrator\Migrator.csproj", "{161E1157-B9D8-4D16-BAC7-1A39F9AFC60A}"
EndProject
Project("{FAE04EC0-301F-11D3-BF4B-00C04F79EFBC}") = "SharedKernel", "src\SharedKernel\SharedKernel.csproj", "{6419F517-D074-40EF-97FC-163A35CD0C40}"
EndProject
Global
	GlobalSection(SolutionConfigurationPlatforms) = preSolution
		Debug|Any CPU = Debug|Any CPU
		Release|Any CPU = Release|Any CPU
	EndGlobalSection
	GlobalSection(ProjectConfigurationPlatforms) = postSolution
		{6AAF79E0-F6B0-43C8-BE2A-B07E8A827AE4}.Debug|Any CPU.ActiveCfg = Debug|Any CPU
		{6AAF79E0-F6B0-43C8-BE2A-B07E8A827AE4}.Debug|Any CPU.Build.0 = Debug|Any CPU
		{6AAF79E0-F6B0-43C8-BE2A-B07E8A827AE4}.Release|Any CPU.ActiveCfg = Release|Any CPU
		{6AAF79E0-F6B0-43C8-BE2A-B07E8A827AE4}.Release|Any CPU.Build.0 = Release|Any CPU
		{FF2DA287-DE7B-420C-A799-62520FC6906D}.Debug|Any CPU.ActiveCfg = Debug|Any CPU
		{FF2DA287-DE7B-420C-A799-62520FC6906D}.Debug|Any CPU.Build.0 = Debug|Any CPU
		{FF2DA287-DE7B-420C-A799-62520FC6906D}.Release|Any CPU.ActiveCfg = Release|Any CPU
		{FF2DA287-DE7B-420C-A799-62520FC6906D}.Release|Any CPU.Build.0 = Release|Any CPU
		{E9D7C50F-5DE5-4A5F-A07A-9CDA5C96DED5}.Debug|Any CPU.ActiveCfg = Debug|Any CPU
		{E9D7C50F-5DE5-4A5F-A07A-9CDA5C96DED5}.Debug|Any CPU.Build.0 = Debug|Any CPU
		{E9D7C50F-5DE5-4A5F-A07A-9CDA5C96DED5}.Release|Any CPU.ActiveCfg = Release|Any CPU
		{E9D7C50F-5DE5-4A5F-A07A-9CDA5C96DED5}.Release|Any CPU.Build.0 = Release|Any CPU
		{3EBF5704-412F-485E-9E55-ACD2307F208F}.Debug|Any CPU.ActiveCfg = Debug|Any CPU
		{3EBF5704-412F-485E-9E55-ACD2307F208F}.Debug|Any CPU.Build.0 = Debug|Any CPU
		{3EBF5704-412F-485E-9E55-ACD2307F208F}.Release|Any CPU.ActiveCfg = Release|Any CPU
		{3EBF5704-412F-485E-9E55-ACD2307F208F}.Release|Any CPU.Build.0 = Release|Any CPU
		{0C392161-D674-4FA0-B370-EBA806806496}.Debug|Any CPU.ActiveCfg = Debug|Any CPU
		{0C392161-D674-4FA0-B370-EBA806806496}.Debug|Any CPU.Build.0 = Debug|Any CPU
		{0C392161-D674-4FA0-B370-EBA806806496}.Release|Any CPU.ActiveCfg = Release|Any CPU
		{0C392161-D674-4FA0-B370-EBA806806496}.Release|Any CPU.Build.0 = Release|Any CPU
		{23BA3DD7-BAA6-4F48-A1FE-68DBC38AE49A}.Debug|Any CPU.ActiveCfg = Debug|Any CPU
		{23BA3DD7-BAA6-4F48-A1FE-68DBC38AE49A}.Debug|Any CPU.Build.0 = Debug|Any CPU
		{23BA3DD7-BAA6-4F48-A1FE-68DBC38AE49A}.Release|Any CPU.ActiveCfg = Release|Any CPU
		{23BA3DD7-BAA6-4F48-A1FE-68DBC38AE49A}.Release|Any CPU.Build.0 = Release|Any CPU
		{0A18F0C0-6B66-4B8B-96D1-19CD28E9A6FA}.Debug|Any CPU.ActiveCfg = Debug|Any CPU
		{0A18F0C0-6B66-4B8B-96D1-19CD28E9A6FA}.Debug|Any CPU.Build.0 = Debug|Any CPU
		{0A18F0C0-6B66-4B8B-96D1-19CD28E9A6FA}.Release|Any CPU.ActiveCfg = Release|Any CPU
		{0A18F0C0-6B66-4B8B-96D1-19CD28E9A6FA}.Release|Any CPU.Build.0 = Release|Any CPU
		{DAB5B338-0EE7-46B1-8649-2E19FEC6EC19}.Debug|Any CPU.ActiveCfg = Debug|Any CPU
		{DAB5B338-0EE7-46B1-8649-2E19FEC6EC19}.Debug|Any CPU.Build.0 = Debug|Any CPU
		{DAB5B338-0EE7-46B1-8649-2E19FEC6EC19}.Release|Any CPU.ActiveCfg = Release|Any CPU
		{DAB5B338-0EE7-46B1-8649-2E19FEC6EC19}.Release|Any CPU.Build.0 = Release|Any CPU
		{F0211267-B233-4EFF-9B76-DBAD6F9CBEFE}.Debug|Any CPU.ActiveCfg = Debug|Any CPU
		{F0211267-B233-4EFF-9B76-DBAD6F9CBEFE}.Debug|Any CPU.Build.0 = Debug|Any CPU
		{F0211267-B233-4EFF-9B76-DBAD6F9CBEFE}.Release|Any CPU.ActiveCfg = Release|Any CPU
		{F0211267-B233-4EFF-9B76-DBAD6F9CBEFE}.Release|Any CPU.Build.0 = Release|Any CPU
		{161E1157-B9D8-4D16-BAC7-1A39F9AFC60A}.Debug|Any CPU.ActiveCfg = Debug|Any CPU
		{161E1157-B9D8-4D16-BAC7-1A39F9AFC60A}.Debug|Any CPU.Build.0 = Debug|Any CPU
		{161E1157-B9D8-4D16-BAC7-1A39F9AFC60A}.Release|Any CPU.ActiveCfg = Release|Any CPU
		{161E1157-B9D8-4D16-BAC7-1A39F9AFC60A}.Release|Any CPU.Build.0 = Release|Any CPU
		{6419F517-D074-40EF-97FC-163A35CD0C40}.Debug|Any CPU.ActiveCfg = Debug|Any CPU
		{6419F517-D074-40EF-97FC-163A35CD0C40}.Debug|Any CPU.Build.0 = Debug|Any CPU
		{6419F517-D074-40EF-97FC-163A35CD0C40}.Release|Any CPU.ActiveCfg = Release|Any CPU
		{6419F517-D074-40EF-97FC-163A35CD0C40}.Release|Any CPU.Build.0 = Release|Any CPU
	EndGlobalSection
	GlobalSection(SolutionProperties) = preSolution
		HideSolutionNode = FALSE
	EndGlobalSection
	GlobalSection(NestedProjects) = preSolution
		{A62B090C-EC02-4F27-98B5-968600076B8F} = {95D50506-CE73-4F91-8D98-D628817338A2}
		{6AAF79E0-F6B0-43C8-BE2A-B07E8A827AE4} = {A62B090C-EC02-4F27-98B5-968600076B8F}
		{FF2DA287-DE7B-420C-A799-62520FC6906D} = {A62B090C-EC02-4F27-98B5-968600076B8F}
		{E9D7C50F-5DE5-4A5F-A07A-9CDA5C96DED5} = {01E1BF20-2577-4A3B-A37B-E34FF60AF6BC}
		{570C0579-7F4F-40FD-A972-7598196EE95A} = {95D50506-CE73-4F91-8D98-D628817338A2}
		{3EBF5704-412F-485E-9E55-ACD2307F208F} = {570C0579-7F4F-40FD-A972-7598196EE95A}
		{7B25965A-79F6-4461-A8FC-A1B75802A7EB} = {95D50506-CE73-4F91-8D98-D628817338A2}
		{0C392161-D674-4FA0-B370-EBA806806496} = {570C0579-7F4F-40FD-A972-7598196EE95A}
		{23BA3DD7-BAA6-4F48-A1FE-68DBC38AE49A} = {7B25965A-79F6-4461-A8FC-A1B75802A7EB}
		{0A18F0C0-6B66-4B8B-96D1-19CD28E9A6FA} = {01E1BF20-2577-4A3B-A37B-E34FF60AF6BC}
		{DAB5B338-0EE7-46B1-8649-2E19FEC6EC19} = {7B25965A-79F6-4461-A8FC-A1B75802A7EB}
		{F0211267-B233-4EFF-9B76-DBAD6F9CBEFE} = {7B25965A-79F6-4461-A8FC-A1B75802A7EB}
		{161E1157-B9D8-4D16-BAC7-1A39F9AFC60A} = {570C0579-7F4F-40FD-A972-7598196EE95A}
		{6419F517-D074-40EF-97FC-163A35CD0C40} = {95D50506-CE73-4F91-8D98-D628817338A2}
	EndGlobalSection
EndGlobal
